
Microsoft Visual Studio Solution File, Format Version 12.00
# Visual Studio Version 17
VisualStudioVersion = 17.6.33829.357
MinimumVisualStudioVersion = 10.0.40219.1
Project("{FAE04EC0-301F-11D3-BF4B-00C04F79EFBC}") = "LV6", "LV6.csproj", "{943DE3CF-EE74-4D20-B0AD-FFAD2044429C}"
EndProject
Global
	GlobalSection(SolutionConfigurationPlatforms) = preSolution
		Debug|Any CPU = Debug|Any CPU
		Release|Any CPU = Release|Any CPU
	EndGlobalSection
	GlobalSection(ProjectConfigurationPlatforms) = postSolution
		{943DE3CF-EE74-4D20-B0AD-FFAD2044429C}.Debug|Any CPU.ActiveCfg = Debug|Any CPU
		{943DE3CF-EE74-4D20-B0AD-FFAD2044429C}.Debug|Any CPU.Build.0 = Debug|Any CPU
		{943DE3CF-EE74-4D20-B0AD-FFAD2044429C}.Release|Any CPU.ActiveCfg = Release|Any CPU
		{943DE3CF-EE74-4D20-B0AD-FFAD2044429C}.Release|Any CPU.Build.0 = Release|Any CPU
	EndGlobalSection
	GlobalSection(SolutionProperties) = preSolution
		HideSolutionNode = FALSE
	EndGlobalSection
	GlobalSection(ExtensibilityGlobals) = postSolution
		SolutionGuid = {7E6ABCF9-1552-4399-9D63-82766E00023E}
	EndGlobalSection
EndGlobal
